
Microsoft Visual Studio Solution File, Format Version 12.00
# Visual Studio Version 17
VisualStudioVersion = 17.4.33110.190
MinimumVisualStudioVersion = 10.0.40219.1
Project("{FAE04EC0-301F-11D3-BF4B-00C04F79EFBC}") = "MathProject", "MathProject.csproj", "{21EE5E98-6FA5-410E-A8B6-64A38C3FE0BA}"
EndProject
Global
	GlobalSection(SolutionConfigurationPlatforms) = preSolution
		Debug|Any CPU = Debug|Any CPU
		Release|Any CPU = Release|Any CPU
	EndGlobalSection
	GlobalSection(ProjectConfigurationPlatforms) = postSolution
		{21EE5E98-6FA5-410E-A8B6-64A38C3FE0BA}.Debug|Any CPU.ActiveCfg = Debug|Any CPU
		{21EE5E98-6FA5-410E-A8B6-64A38C3FE0BA}.Debug|Any CPU.Build.0 = Debug|Any CPU
		{21EE5E98-6FA5-410E-A8B6-64A38C3FE0BA}.Release|Any CPU.ActiveCfg = Release|Any CPU
		{21EE5E98-6FA5-410E-A8B6-64A38C3FE0BA}.Release|Any CPU.Build.0 = Release|Any CPU
	EndGlobalSection
	GlobalSection(SolutionProperties) = preSolution
		HideSolutionNode = FALSE
	EndGlobalSection
	GlobalSection(ExtensibilityGlobals) = postSolution
		SolutionGuid = {9060EBA3-9827-4DD6-9031-4215BA9655C7}
	EndGlobalSection
EndGlobal
